# @generated by Move, please check-in and do not edit manually.

[move]
version = 3
manifest_digest = "B73E3B1E448F0508F9855B2265725519F230D8B959CEB4A4E78A9AE88D6A38E9"
deps_digest = "F8BBB0CCB2491CA29A3DF03D6F92277A4F3574266507ACD77214D37ECA3F3082"
dependencies = [
  { id = "One", name = "One" },
]

[[move.package]]
id = "MoveStdlib"
source = { git = "https://github.com/one-chain-labs/onechain.git", rev = "main", subdir = "crates/sui-framework/packages/move-stdlib" }

[[move.package]]
id = "One"
source = { git = "https://github.com/one-chain-labs/onechain.git", rev = "main", subdir = "crates/sui-framework/packages/one-framework" }

dependencies = [
  { id = "MoveStdlib", name = "MoveStdlib" },
]

[move.toolchain-version]
compiler-version = "1.0.1"
edition = "2024.beta"
flavor = "one"

[env]

[env.onechaintest]
chain-id = "1bd5c965"
original-published-id = "0x5db6460e1da7c97ff6e0fc282eb056727de3601f4fd01fd57f2bc7f2e85a0110"
latest-published-id = "0x5db6460e1da7c97ff6e0fc282eb056727de3601f4fd01fd57f2bc7f2e85a0110"
published-version = "1"
